
Microsoft Visual Studio Solution File, Format Version 12.00
# Visual Studio 2012
Project("{FAE04EC0-301F-11D3-BF4B-00C04F79EFBC}") = "01-ExchangeIfGreater", "01-ExchangeIfGreater\01-ExchangeIfGreater.csproj", "{FB6B9E69-EA18-47E5-ACCD-CDC99A04E210}"
EndProject
Project("{FAE04EC0-301F-11D3-BF4B-00C04F79EFBC}") = "02-BonusScore", "02- Bonus Score\02-BonusScore.csproj", "{84924FE3-26BC-4C61-9279-1CB68617BB36}"
EndProject
Project("{FAE04EC0-301F-11D3-BF4B-00C04F79EFBC}") = "03-CheckForAPlayCard", "03-CheckForAPlayCard\03-CheckForAPlayCard.csproj", "{8921FE49-6BEC-45FE-B56E-C34101E4EFCB}"
EndProject
Project("{FAE04EC0-301F-11D3-BF4B-00C04F79EFBC}") = "04- MultiplicationSign", "04- MultiplicationSign\04- MultiplicationSign.csproj", "{E6743E79-0C68-4E08-8D09-8CB8A3A98317}"
EndProject
Project("{FAE04EC0-301F-11D3-BF4B-00C04F79EFBC}") = "05-The BiggestOfTreeNumbers", "05-The BiggestOf3Numbers\05-The BiggestOfTreeNumbers.csproj", "{E2DE9EDD-702A-4AB9-B239-2608546DFB67}"
EndProject
Project("{FAE04EC0-301F-11D3-BF4B-00C04F79EFBC}") = "06-TheBiggestOfFiveNumbers", "06-TheBiggestOfFiveNumbers\06-TheBiggestOfFiveNumbers.csproj", "{5D9A384C-2997-429D-850A-8967DE52E426}"
EndProject
Project("{FAE04EC0-301F-11D3-BF4B-00C04F79EFBC}") = "07- SortTreeNumbersWithNestedIfs", "07- SortTreeNumbersWithNestedIfs\07- SortTreeNumbersWithNestedIfs.csproj", "{AAC7C2B1-B4CD-4A6D-AABF-BF364F3E3D72}"
EndProject
Project("{FAE04EC0-301F-11D3-BF4B-00C04F79EFBC}") = "08-DigitAsWord", "08-DigitAsWord\08-DigitAsWord.csproj", "{E6752790-D055-4CA0-8716-0FF6C9C896F1}"
EndProject
Project("{FAE04EC0-301F-11D3-BF4B-00C04F79EFBC}") = "09-PlayWithInt,DoubleAndString", "09-PlayWithInt,DoubleAndString\09-PlayWithInt,DoubleAndString.csproj", "{526AB52E-D19F-4946-92ED-096A28CB7473}"
EndProject
Global
	GlobalSection(SolutionConfigurationPlatforms) = preSolution
		Debug|Any CPU = Debug|Any CPU
		Release|Any CPU = Release|Any CPU
	EndGlobalSection
	GlobalSection(ProjectConfigurationPlatforms) = postSolution
		{FB6B9E69-EA18-47E5-ACCD-CDC99A04E210}.Debug|Any CPU.ActiveCfg = Debug|Any CPU
		{FB6B9E69-EA18-47E5-ACCD-CDC99A04E210}.Debug|Any CPU.Build.0 = Debug|Any CPU
		{FB6B9E69-EA18-47E5-ACCD-CDC99A04E210}.Release|Any CPU.ActiveCfg = Release|Any CPU
		{FB6B9E69-EA18-47E5-ACCD-CDC99A04E210}.Release|Any CPU.Build.0 = Release|Any CPU
		{84924FE3-26BC-4C61-9279-1CB68617BB36}.Debug|Any CPU.ActiveCfg = Debug|Any CPU
		{84924FE3-26BC-4C61-9279-1CB68617BB36}.Debug|Any CPU.Build.0 = Debug|Any CPU
		{84924FE3-26BC-4C61-9279-1CB68617BB36}.Release|Any CPU.ActiveCfg = Release|Any CPU
		{84924FE3-26BC-4C61-9279-1CB68617BB36}.Release|Any CPU.Build.0 = Release|Any CPU
		{8921FE49-6BEC-45FE-B56E-C34101E4EFCB}.Debug|Any CPU.ActiveCfg = Debug|Any CPU
		{8921FE49-6BEC-45FE-B56E-C34101E4EFCB}.Debug|Any CPU.Build.0 = Debug|Any CPU
		{8921FE49-6BEC-45FE-B56E-C34101E4EFCB}.Release|Any CPU.ActiveCfg = Release|Any CPU
		{8921FE49-6BEC-45FE-B56E-C34101E4EFCB}.Release|Any CPU.Build.0 = Release|Any CPU
		{E6743E79-0C68-4E08-8D09-8CB8A3A98317}.Debug|Any CPU.ActiveCfg = Debug|Any CPU
		{E6743E79-0C68-4E08-8D09-8CB8A3A98317}.Debug|Any CPU.Build.0 = Debug|Any CPU
		{E6743E79-0C68-4E08-8D09-8CB8A3A98317}.Release|Any CPU.ActiveCfg = Release|Any CPU
		{E6743E79-0C68-4E08-8D09-8CB8A3A98317}.Release|Any CPU.Build.0 = Release|Any CPU
		{E2DE9EDD-702A-4AB9-B239-2608546DFB67}.Debug|Any CPU.ActiveCfg = Debug|Any CPU
		{E2DE9EDD-702A-4AB9-B239-2608546DFB67}.Debug|Any CPU.Build.0 = Debug|Any CPU
		{E2DE9EDD-702A-4AB9-B239-2608546DFB67}.Release|Any CPU.ActiveCfg = Release|Any CPU
		{E2DE9EDD-702A-4AB9-B239-2608546DFB67}.Release|Any CPU.Build.0 = Release|Any CPU
		{5D9A384C-2997-429D-850A-8967DE52E426}.Debug|Any CPU.ActiveCfg = Debug|Any CPU
		{5D9A384C-2997-429D-850A-8967DE52E426}.Debug|Any CPU.Build.0 = Debug|Any CPU
		{5D9A384C-2997-429D-850A-8967DE52E426}.Release|Any CPU.ActiveCfg = Release|Any CPU
		{5D9A384C-2997-429D-850A-8967DE52E426}.Release|Any CPU.Build.0 = Release|Any CPU
		{AAC7C2B1-B4CD-4A6D-AABF-BF364F3E3D72}.Debug|Any CPU.ActiveCfg = Debug|Any CPU
		{AAC7C2B1-B4CD-4A6D-AABF-BF364F3E3D72}.Debug|Any CPU.Build.0 = Debug|Any CPU
		{AAC7C2B1-B4CD-4A6D-AABF-BF364F3E3D72}.Release|Any CPU.ActiveCfg = Release|Any CPU
		{AAC7C2B1-B4CD-4A6D-AABF-BF364F3E3D72}.Release|Any CPU.Build.0 = Release|Any CPU
		{E6752790-D055-4CA0-8716-0FF6C9C896F1}.Debug|Any CPU.ActiveCfg = Debug|Any CPU
		{E6752790-D055-4CA0-8716-0FF6C9C896F1}.Debug|Any CPU.Build.0 = Debug|Any CPU
		{E6752790-D055-4CA0-8716-0FF6C9C896F1}.Release|Any CPU.ActiveCfg = Release|Any CPU
		{E6752790-D055-4CA0-8716-0FF6C9C896F1}.Release|Any CPU.Build.0 = Release|Any CPU
		{526AB52E-D19F-4946-92ED-096A28CB7473}.Debug|Any CPU.ActiveCfg = Debug|Any CPU
		{526AB52E-D19F-4946-92ED-096A28CB7473}.Debug|Any CPU.Build.0 = Debug|Any CPU
		{526AB52E-D19F-4946-92ED-096A28CB7473}.Release|Any CPU.ActiveCfg = Release|Any CPU
		{526AB52E-D19F-4946-92ED-096A28CB7473}.Release|Any CPU.Build.0 = Release|Any CPU
	EndGlobalSection
	GlobalSection(SolutionProperties) = preSolution
		HideSolutionNode = FALSE
	EndGlobalSection
EndGlobal
